// !$*UTF8*$!
{
	archiveVersion = 1;
	classes = {
	};
	objectVersion = 50;
	objects = {

/* Begin PBXBuildFile section */
		5C9FB653ADD620554443A8A3 /* libPods-GMUPreloadUITests.a in Frameworks */ = {isa = PBXBuildFile; fileRef = 8AD2BFB9599AA73405B57138 /* libPods-GMUPreloadUITests.a */; };
		CAFFD2FCDF667F582D330E04 /* libPods-GMUPreloadTests.a in Frameworks */ = {isa = PBXBuildFile; fileRef = 66C6CECE3D58640C345ABB87 /* libPods-GMUPreloadTests.a */; };
		D05C19E121CA229800C1E573 /* AppDelegate.m in Sources */ = {isa = PBXBuildFile; fileRef = D05C19E021CA229800C1E573 /* AppDelegate.m */; };
		D05C19E421CA229800C1E573 /* ViewController.m in Sources */ = {isa = PBXBuildFile; fileRef = D05C19E321CA229800C1E573 /* ViewController.m */; };
		D05C19E721CA229800C1E573 /* Main.storyboard in Resources */ = {isa = PBXBuildFile; fileRef = D05C19E521CA229800C1E573 /* Main.storyboard */; };
		D05C19E921CA229B00C1E573 /* Assets.xcassets in Resources */ = {isa = PBXBuildFile; fileRef = D05C19E821CA229B00C1E573 /* Assets.xcassets */; };
		D05C19EC21CA229B00C1E573 /* LaunchScreen.storyboard in Resources */ = {isa = PBXBuildFile; fileRef = D05C19EA21CA229B00C1E573 /* LaunchScreen.storyboard */; };
		D05C19EF21CA229B00C1E573 /* main.m in Sources */ = {isa = PBXBuildFile; fileRef = D05C19EE21CA229B00C1E573 /* main.m */; };
		D05C19F921CA229B00C1E573 /* GMUPreloadTests.m in Sources */ = {isa = PBXBuildFile; fileRef = D05C19F821CA229B00C1E573 /* GMUPreloadTests.m */; };
		D05C1A0421CA229B00C1E573 /* GMUPreloadUITests.m in Sources */ = {isa = PBXBuildFile; fileRef = D05C1A0321CA229B00C1E573 /* GMUPreloadUITests.m */; };
		D05C1A1321CA23C500C1E573 /* UIScrollView+GMUPreload.m in Sources */ = {isa = PBXBuildFile; fileRef = D05C1A1121CA23C400C1E573 /* UIScrollView+GMUPreload.m */; };
		D05C1A2B21CA3B1C00C1E573 /* GUMBaseTableView.m in Sources */ = {isa = PBXBuildFile; fileRef = D05C1A2921CA3B1C00C1E573 /* GUMBaseTableView.m */; };
		D05C1A2E21CA3D4C00C1E573 /* GUMPreloadTableViewCell.m in Sources */ = {isa = PBXBuildFile; fileRef = D05C1A2D21CA3D4C00C1E573 /* GUMPreloadTableViewCell.m */; };
		D05C1A3121CA480F00C1E573 /* GUMModel.m in Sources */ = {isa = PBXBuildFile; fileRef = D05C1A3021CA480F00C1E573 /* GUMModel.m */; };
		F5BB19D6A132F06017AFDF7F /* libPods-GMUPreload.a in Frameworks */ = {isa = PBXBuildFile; fileRef = 82EB20D02122A0F72DACB3F2 /* libPods-GMUPreload.a */; };
/* End PBXBuildFile section */

/* Begin PBXContainerItemProxy section */
		D05C19F521CA229B00C1E573 /* PBXContainerItemProxy */ = {
			isa = PBXContainerItemProxy;
			containerPortal = D05C19D421CA229800C1E573 /* Project object */;
			proxyType = 1;
			remoteGlobalIDString = D05C19DB21CA229800C1E573;
			remoteInfo = GMUPreload;
		};
		D05C1A0021CA229B00C1E573 /* PBXContainerItemProxy */ = {
			isa = PBXContainerItemProxy;
			containerPortal = D05C19D421CA229800C1E573 /* Project object */;
			proxyType = 1;
			remoteGlobalIDString = D05C19DB21CA229800C1E573;
			remoteInfo = GMUPreload;
		};
/* End PBXContainerItemProxy section */

/* Begin PBXFileReference section */
		472AC1F702DF26C6D2949003 /* Pods-GMUPreloadUITests.release.xcconfig */ = {isa = PBXFileReference; includeInIndex = 1; lastKnownFileType = text.xcconfig; name = "Pods-GMUPreloadUITests.release.xcconfig"; path = "Pods/Target Support Files/Pods-GMUPreloadUITests/Pods-GMUPreloadUITests.release.xcconfig"; sourceTree = "<group>"; };
		4CBBB17FC5D95EFA940EB422 /* Pods-GMUPreloadTests.debug.xcconfig */ = {isa = PBXFileReference; includeInIndex = 1; lastKnownFileType = text.xcconfig; name = "Pods-GMUPreloadTests.debug.xcconfig"; path = "Pods/Target Support Files/Pods-GMUPreloadTests/Pods-GMUPreloadTests.debug.xcconfig"; sourceTree = "<group>"; };
		57D46E6B69979323366F3267 /* Pods-GMUPreload.release.xcconfig */ = {isa = PBXFileReference; includeInIndex = 1; lastKnownFileType = text.xcconfig; name = "Pods-GMUPreload.release.xcconfig"; path = "Pods/Target Support Files/Pods-GMUPreload/Pods-GMUPreload.release.xcconfig"; sourceTree = "<group>"; };
		66C6CECE3D58640C345ABB87 /* libPods-GMUPreloadTests.a */ = {isa = PBXFileReference; explicitFileType = archive.ar; includeInIndex = 0; path = "libPods-GMUPreloadTests.a"; sourceTree = BUILT_PRODUCTS_DIR; };
		82EB20D02122A0F72DACB3F2 /* libPods-GMUPreload.a */ = {isa = PBXFileReference; explicitFileType = archive.ar; includeInIndex = 0; path = "libPods-GMUPreload.a"; sourceTree = BUILT_PRODUCTS_DIR; };
		8AD2BFB9599AA73405B57138 /* libPods-GMUPreloadUITests.a */ = {isa = PBXFileReference; explicitFileType = archive.ar; includeInIndex = 0; path = "libPods-GMUPreloadUITests.a"; sourceTree = BUILT_PRODUCTS_DIR; };
		8C719D5632D2A35105326D77 /* Pods-GMUPreload.debug.xcconfig */ = {isa = PBXFileReference; includeInIndex = 1; lastKnownFileType = text.xcconfig; name = "Pods-GMUPreload.debug.xcconfig"; path = "Pods/Target Support Files/Pods-GMUPreload/Pods-GMUPreload.debug.xcconfig"; sourceTree = "<group>"; };
		D05C19DC21CA229800C1E573 /* GMUPreload.app */ = {isa = PBXFileReference; explicitFileType = wrapper.application; includeInIndex = 0; path = GMUPreload.app; sourceTree = BUILT_PRODUCTS_DIR; };
		D05C19DF21CA229800C1E573 /* AppDelegate.h */ = {isa = PBXFileReference; lastKnownFileType = sourcecode.c.h; path = AppDelegate.h; sourceTree = "<group>"; };
		D05C19E021CA229800C1E573 /* AppDelegate.m */ = {isa = PBXFileReference; lastKnownFileType = sourcecode.c.objc; path = AppDelegate.m; sourceTree = "<group>"; };
		D05C19E221CA229800C1E573 /* ViewController.h */ = {isa = PBXFileReference; lastKnownFileType = sourcecode.c.h; path = ViewController.h; sourceTree = "<group>"; };
		D05C19E321CA229800C1E573 /* ViewController.m */ = {isa = PBXFileReference; lastKnownFileType = sourcecode.c.objc; path = ViewController.m; sourceTree = "<group>"; };
		D05C19E621CA229800C1E573 /* Base */ = {isa = PBXFileReference; lastKnownFileType = file.storyboard; name = Base; path = Base.lproj/Main.storyboard; sourceTree = "<group>"; };
		D05C19E821CA229B00C1E573 /* Assets.xcassets */ = {isa = PBXFileReference; lastKnownFileType = folder.assetcatalog; path = Assets.xcassets; sourceTree = "<group>"; };
		D05C19EB21CA229B00C1E573 /* Base */ = {isa = PBXFileReference; lastKnownFileType = file.storyboard; name = Base; path = Base.lproj/LaunchScreen.storyboard; sourceTree = "<group>"; };
		D05C19ED21CA229B00C1E573 /* Info.plist */ = {isa = PBXFileReference; lastKnownFileType = text.plist.xml; path = Info.plist; sourceTree = "<group>"; };
		D05C19EE21CA229B00C1E573 /* main.m */ = {isa = PBXFileReference; lastKnownFileType = sourcecode.c.objc; path = main.m; sourceTree = "<group>"; };
		D05C19F421CA229B00C1E573 /* GMUPreloadTests.xctest */ = {isa = PBXFileReference; explicitFileType = wrapper.cfbundle; includeInIndex = 0; path = GMUPreloadTests.xctest; sourceTree = BUILT_PRODUCTS_DIR; };
		D05C19F821CA229B00C1E573 /* GMUPreloadTests.m */ = {isa = PBXFileReference; lastKnownFileType = sourcecode.c.objc; path = GMUPreloadTests.m; sourceTree = "<group>"; };
		D05C19FA21CA229B00C1E573 /* Info.plist */ = {isa = PBXFileReference; lastKnownFileType = text.plist.xml; path = Info.plist; sourceTree = "<group>"; };
		D05C19FF21CA229B00C1E573 /* GMUPreloadUITests.xctest */ = {isa = PBXFileReference; explicitFileType = wrapper.cfbundle; includeInIndex = 0; path = GMUPreloadUITests.xctest; sourceTree = BUILT_PRODUCTS_DIR; };
		D05C1A0321CA229B00C1E573 /* GMUPreloadUITests.m */ = {isa = PBXFileReference; lastKnownFileType = sourcecode.c.objc; path = GMUPreloadUITests.m; sourceTree = "<group>"; };
		D05C1A0521CA229B00C1E573 /* Info.plist */ = {isa = PBXFileReference; lastKnownFileType = text.plist.xml; path = Info.plist; sourceTree = "<group>"; };
		D05C1A1121CA23C400C1E573 /* UIScrollView+GMUPreload.m */ = {isa = PBXFileReference; fileEncoding = 4; lastKnownFileType = sourcecode.c.objc; path = "UIScrollView+GMUPreload.m"; sourceTree = "<group>"; };
		D05C1A1221CA23C500C1E573 /* UIScrollView+GMUPreload.h */ = {isa = PBXFileReference; fileEncoding = 4; lastKnownFileType = sourcecode.c.h; path = "UIScrollView+GMUPreload.h"; sourceTree = "<group>"; };
		D05C1A2921CA3B1C00C1E573 /* GUMBaseTableView.m */ = {isa = PBXFileReference; fileEncoding = 4; lastKnownFileType = sourcecode.c.objc; path = GUMBaseTableView.m; sourceTree = "<group>"; };
		D05C1A2A21CA3B1C00C1E573 /* GUMBaseTableView.h */ = {isa = PBXFileReference; fileEncoding = 4; lastKnownFileType = sourcecode.c.h; path = GUMBaseTableView.h; sourceTree = "<group>"; };
		D05C1A2C21CA3D4C00C1E573 /* GUMPreloadTableViewCell.h */ = {isa = PBXFileReference; lastKnownFileType = sourcecode.c.h; path = GUMPreloadTableViewCell.h; sourceTree = "<group>"; };
		D05C1A2D21CA3D4C00C1E573 /* GUMPreloadTableViewCell.m */ = {isa = PBXFileReference; lastKnownFileType = sourcecode.c.objc; path = GUMPreloadTableViewCell.m; sourceTree = "<group>"; };
		D05C1A2F21CA480F00C1E573 /* GUMModel.h */ = {isa = PBXFileReference; lastKnownFileType = sourcecode.c.h; path = GUMModel.h; sourceTree = "<group>"; };
		D05C1A3021CA480F00C1E573 /* GUMModel.m */ = {isa = PBXFileReference; lastKnownFileType = sourcecode.c.objc; path = GUMModel.m; sourceTree = "<group>"; };
		D0BDAA666F3CB91BFE50CCAC /* Pods-GMUPreloadUITests.debug.xcconfig */ = {isa = PBXFileReference; includeInIndex = 1; lastKnownFileType = text.xcconfig; name = "Pods-GMUPreloadUITests.debug.xcconfig"; path = "Pods/Target Support Files/Pods-GMUPreloadUITests/Pods-GMUPreloadUITests.debug.xcconfig"; sourceTree = "<group>"; };
		E2277B1B9113D4CEC488EEB2 /* Pods-GMUPreloadTests.release.xcconfig */ = {isa = PBXFileReference; includeInIndex = 1; lastKnownFileType = text.xcconfig; name = "Pods-GMUPreloadTests.release.xcconfig"; path = "Pods/Target Support Files/Pods-GMUPreloadTests/Pods-GMUPreloadTests.release.xcconfig"; sourceTree = "<group>"; };
/* End PBXFileReference section */

/* Begin PBXFrameworksBuildPhase section */
		D05C19D921CA229800C1E573 /* Frameworks */ = {
			isa = PBXFrameworksBuildPhase;
			buildActionMask = 2147483647;
			files = (
				F5BB19D6A132F06017AFDF7F /* libPods-GMUPreload.a in Frameworks */,
			);
			runOnlyForDeploymentPostprocessing = 0;
		};
		D05C19F121CA229B00C1E573 /* Frameworks */ = {
			isa = PBXFrameworksBuildPhase;
			buildActionMask = 2147483647;
			files = (
				CAFFD2FCDF667F582D330E04 /* libPods-GMUPreloadTests.a in Frameworks */,
			);
			runOnlyForDeploymentPostprocessing = 0;
		};
		D05C19FC21CA229B00C1E573 /* Frameworks */ = {
			isa = PBXFrameworksBuildPhase;
			buildActionMask = 2147483647;
			files = (
				5C9FB653ADD620554443A8A3 /* libPods-GMUPreloadUITests.a in Frameworks */,
			);
			runOnlyForDeploymentPostprocessing = 0;
		};
/* End PBXFrameworksBuildPhase section */

/* Begin PBXGroup section */
		CE08AA371781DD82A3763784 /* Frameworks */ = {
			isa = PBXGroup;
			children = (
				82EB20D02122A0F72DACB3F2 /* libPods-GMUPreload.a */,
				66C6CECE3D58640C345ABB87 /* libPods-GMUPreloadTests.a */,
				8AD2BFB9599AA73405B57138 /* libPods-GMUPreloadUITests.a */,
			);
			name = Frameworks;
			sourceTree = "<group>";
		};
		D05C19D321CA229800C1E573 = {
			isa = PBXGroup;
			children = (
				D05C19DE21CA229800C1E573 /* GMUPreload */,
				D05C19F721CA229B00C1E573 /* GMUPreloadTests */,
				D05C1A0221CA229B00C1E573 /* GMUPreloadUITests */,
				D05C19DD21CA229800C1E573 /* Products */,
				FC9B327FB632AF1384632413 /* Pods */,
				CE08AA371781DD82A3763784 /* Frameworks */,
			);
			sourceTree = "<group>";
		};
		D05C19DD21CA229800C1E573 /* Products */ = {
			isa = PBXGroup;
			children = (
				D05C19DC21CA229800C1E573 /* GMUPreload.app */,
				D05C19F421CA229B00C1E573 /* GMUPreloadTests.xctest */,
				D05C19FF21CA229B00C1E573 /* GMUPreloadUITests.xctest */,
			);
			name = Products;
			sourceTree = "<group>";
		};
		D05C19DE21CA229800C1E573 /* GMUPreload */ = {
			isa = PBXGroup;
			children = (
				D05C1A2F21CA480F00C1E573 /* GUMModel.h */,
				D05C1A3021CA480F00C1E573 /* GUMModel.m */,
				D05C1A2C21CA3D4C00C1E573 /* GUMPreloadTableViewCell.h */,
				D05C1A2D21CA3D4C00C1E573 /* GUMPreloadTableViewCell.m */,
				D05C1A2A21CA3B1C00C1E573 /* GUMBaseTableView.h */,
				D05C1A2921CA3B1C00C1E573 /* GUMBaseTableView.m */,
				D05C1A1221CA23C500C1E573 /* UIScrollView+GMUPreload.h */,
				D05C1A1121CA23C400C1E573 /* UIScrollView+GMUPreload.m */,
				D05C19DF21CA229800C1E573 /* AppDelegate.h */,
				D05C19E021CA229800C1E573 /* AppDelegate.m */,
				D05C19E221CA229800C1E573 /* ViewController.h */,
				D05C19E321CA229800C1E573 /* ViewController.m */,
				D05C19E521CA229800C1E573 /* Main.storyboard */,
				D05C19E821CA229B00C1E573 /* Assets.xcassets */,
				D05C19EA21CA229B00C1E573 /* LaunchScreen.storyboard */,
				D05C19ED21CA229B00C1E573 /* Info.plist */,
				D05C19EE21CA229B00C1E573 /* main.m */,
			);
			path = GMUPreload;
			sourceTree = "<group>";
		};
		D05C19F721CA229B00C1E573 /* GMUPreloadTests */ = {
			isa = PBXGroup;
			children = (
				D05C19F821CA229B00C1E573 /* GMUPreloadTests.m */,
				D05C19FA21CA229B00C1E573 /* Info.plist */,
			);
			path = GMUPreloadTests;
			sourceTree = "<group>";
		};
		D05C1A0221CA229B00C1E573 /* GMUPreloadUITests */ = {
			isa = PBXGroup;
			children = (
				D05C1A0321CA229B00C1E573 /* GMUPreloadUITests.m */,
				D05C1A0521CA229B00C1E573 /* Info.plist */,
			);
			path = GMUPreloadUITests;
			sourceTree = "<group>";
		};
		FC9B327FB632AF1384632413 /* Pods */ = {
			isa = PBXGroup;
			children = (
				8C719D5632D2A35105326D77 /* Pods-GMUPreload.debug.xcconfig */,
				57D46E6B69979323366F3267 /* Pods-GMUPreload.release.xcconfig */,
				4CBBB17FC5D95EFA940EB422 /* Pods-GMUPreloadTests.debug.xcconfig */,
				E2277B1B9113D4CEC488EEB2 /* Pods-GMUPreloadTests.release.xcconfig */,
				D0BDAA666F3CB91BFE50CCAC /* Pods-GMUPreloadUITests.debug.xcconfig */,
				472AC1F702DF26C6D2949003 /* Pods-GMUPreloadUITests.release.xcconfig */,
			);
			name = Pods;
			sourceTree = "<group>";
		};
/* End PBXGroup section */

/* Begin PBXNativeTarget section */
		D05C19DB21CA229800C1E573 /* GMUPreload */ = {
			isa = PBXNativeTarget;
			buildConfigurationList = D05C1A0821CA229B00C1E573 /* Build configuration list for PBXNativeTarget "GMUPreload" */;
			buildPhases = (
				1FEDBD230441BD8933EDAF8E /* [CP] Check Pods Manifest.lock */,
				D05C19D821CA229800C1E573 /* Sources */,
				D05C19D921CA229800C1E573 /* Frameworks */,
				D05C19DA21CA229800C1E573 /* Resources */,
				E69147184A8CA9E9DF879722 /* [CP] Copy Pods Resources */,
			);
			buildRules = (
			);
			dependencies = (
			);
			name = GMUPreload;
			productName = GMUPreload;
			productReference = D05C19DC21CA229800C1E573 /* GMUPreload.app */;
			productType = "com.apple.product-type.application";
		};
		D05C19F321CA229B00C1E573 /* GMUPreloadTests */ = {
			isa = PBXNativeTarget;
			buildConfigurationList = D05C1A0B21CA229B00C1E573 /* Build configuration list for PBXNativeTarget "GMUPreloadTests" */;
			buildPhases = (
				948D1DCF5FC3E26F305A320E /* [CP] Check Pods Manifest.lock */,
				D05C19F021CA229B00C1E573 /* Sources */,
				D05C19F121CA229B00C1E573 /* Frameworks */,
				D05C19F221CA229B00C1E573 /* Resources */,
			);
			buildRules = (
			);
			dependencies = (
				D05C19F621CA229B00C1E573 /* PBXTargetDependency */,
			);
			name = GMUPreloadTests;
			productName = GMUPreloadTests;
			productReference = D05C19F421CA229B00C1E573 /* GMUPreloadTests.xctest */;
			productType = "com.apple.product-type.bundle.unit-test";
		};
		D05C19FE21CA229B00C1E573 /* GMUPreloadUITests */ = {
			isa = PBXNativeTarget;
			buildConfigurationList = D05C1A0E21CA229B00C1E573 /* Build configuration list for PBXNativeTarget "GMUPreloadUITests" */;
			buildPhases = (
				F6556EB7A83B7107A6E9DCD9 /* [CP] Check Pods Manifest.lock */,
				D05C19FB21CA229B00C1E573 /* Sources */,
				D05C19FC21CA229B00C1E573 /* Frameworks */,
				D05C19FD21CA229B00C1E573 /* Resources */,
			);
			buildRules = (
			);
			dependencies = (
				D05C1A0121CA229B00C1E573 /* PBXTargetDependency */,
			);
			name = GMUPreloadUITests;
			productName = GMUPreloadUITests;
			productReference = D05C19FF21CA229B00C1E573 /* GMUPreloadUITests.xctest */;
			productType = "com.apple.product-type.bundle.ui-testing";
		};
/* End PBXNativeTarget section */

/* Begin PBXProject section */
		D05C19D421CA229800C1E573 /* Project object */ = {
			isa = PBXProject;
			attributes = {
				LastUpgradeCheck = 1000;
				ORGANIZATIONNAME = FaceBook;
				TargetAttributes = {
					D05C19DB21CA229800C1E573 = {
						CreatedOnToolsVersion = 10.0;
					};
					D05C19F321CA229B00C1E573 = {
						CreatedOnToolsVersion = 10.0;
						TestTargetID = D05C19DB21CA229800C1E573;
					};
					D05C19FE21CA229B00C1E573 = {
						CreatedOnToolsVersion = 10.0;
						TestTargetID = D05C19DB21CA229800C1E573;
					};
				};
			};
			buildConfigurationList = D05C19D721CA229800C1E573 /* Build configuration list for PBXProject "GMUPreload" */;
			compatibilityVersion = "Xcode 9.3";
			developmentRegion = en;
			hasScannedForEncodings = 0;
			knownRegions = (
				en,
				Base,
			);
			mainGroup = D05C19D321CA229800C1E573;
			productRefGroup = D05C19DD21CA229800C1E573 /* Products */;
			projectDirPath = "";
			projectRoot = "";
			targets = (
				D05C19DB21CA229800C1E573 /* GMUPreload */,
				D05C19F321CA229B00C1E573 /* GMUPreloadTests */,
				D05C19FE21CA229B00C1E573 /* GMUPreloadUITests */,
			);
		};
/* End PBXProject section */

/* Begin PBXResourcesBuildPhase section */
		D05C19DA21CA229800C1E573 /* Resources */ = {
			isa = PBXResourcesBuildPhase;
			buildActionMask = 2147483647;
			files = (
				D05C19EC21CA229B00C1E573 /* LaunchScreen.storyboard in Resources */,
				D05C19E921CA229B00C1E573 /* Assets.xcassets in Resources */,
				D05C19E721CA229800C1E573 /* Main.storyboard in Resources */,
			);
			runOnlyForDeploymentPostprocessing = 0;
		};
		D05C19F221CA229B00C1E573 /* Resources */ = {
			isa = PBXResourcesBuildPhase;
			buildActionMask = 2147483647;
			files = (
			);
			runOnlyForDeploymentPostprocessing = 0;
		};
		D05C19FD21CA229B00C1E573 /* Resources */ = {
			isa = PBXResourcesBuildPhase;
			buildActionMask = 2147483647;
			files = (
			);
			runOnlyForDeploymentPostprocessing = 0;
		};
/* End PBXResourcesBuildPhase section */

/* Begin PBXShellScriptBuildPhase section */
		1FEDBD230441BD8933EDAF8E /* [CP] Check Pods Manifest.lock */ = {
			isa = PBXShellScriptBuildPhase;
			buildActionMask = 2147483647;
			files = (
			);
			inputPaths = (
				"${PODS_PODFILE_DIR_PATH}/Podfile.lock",
				"${PODS_ROOT}/Manifest.lock",
			);
			name = "[CP] Check Pods Manifest.lock";
			outputPaths = (
				"$(DERIVED_FILE_DIR)/Pods-GMUPreload-checkManifestLockResult.txt",
			);
			runOnlyForDeploymentPostprocessing = 0;
			shellPath = /bin/sh;
			shellScript = "diff \"${PODS_PODFILE_DIR_PATH}/Podfile.lock\" \"${PODS_ROOT}/Manifest.lock\" > /dev/null\nif [ $? != 0 ] ; then\n    # print error to STDERR\n    echo \"error: The sandbox is not in sync with the Podfile.lock. Run 'pod install' or update your CocoaPods installation.\" >&2\n    exit 1\nfi\n# This output is used by Xcode 'outputs' to avoid re-running this script phase.\necho \"SUCCESS\" > \"${SCRIPT_OUTPUT_FILE_0}\"\n";
			showEnvVarsInLog = 0;
		};
		948D1DCF5FC3E26F305A320E /* [CP] Check Pods Manifest.lock */ = {
			isa = PBXShellScriptBuildPhase;
			buildActionMask = 2147483647;
			files = (
			);
			inputPaths = (
				"${PODS_PODFILE_DIR_PATH}/Podfile.lock",
				"${PODS_ROOT}/Manifest.lock",
			);
			name = "[CP] Check Pods Manifest.lock";
			outputPaths = (
				"$(DERIVED_FILE_DIR)/Pods-GMUPreloadTests-checkManifestLockResult.txt",
			);
			runOnlyForDeploymentPostprocessing = 0;
			shellPath = /bin/sh;
			shellScript = "diff \"${PODS_PODFILE_DIR_PATH}/Podfile.lock\" \"${PODS_ROOT}/Manifest.lock\" > /dev/null\nif [ $? != 0 ] ; then\n    # print error to STDERR\n    echo \"error: The sandbox is not in sync with the Podfile.lock. Run 'pod install' or update your CocoaPods installation.\" >&2\n    exit 1\nfi\n# This output is used by Xcode 'outputs' to avoid re-running this script phase.\necho \"SUCCESS\" > \"${SCRIPT_OUTPUT_FILE_0}\"\n";
			showEnvVarsInLog = 0;
		};
		E69147184A8CA9E9DF879722 /* [CP] Copy Pods Resources */ = {
			isa = PBXShellScriptBuildPhase;
			buildActionMask = 2147483647;
			files = (
			);
			inputPaths = (
				"${SRCROOT}/Pods/Target Support Files/Pods-GMUPreload/Pods-GMUPreload-resources.sh",
				"${PODS_ROOT}/MJRefresh/MJRefresh/MJRefresh.bundle",
			);
			name = "[CP] Copy Pods Resources";
			outputPaths = (
				"${TARGET_BUILD_DIR}/${UNLOCALIZED_RESOURCES_FOLDER_PATH}/MJRefresh.bundle",
			);
			runOnlyForDeploymentPostprocessing = 0;
			shellPath = /bin/sh;
			shellScript = "\"${SRCROOT}/Pods/Target Support Files/Pods-GMUPreload/Pods-GMUPreload-resources.sh\"\n";
			showEnvVarsInLog = 0;
		};
		F6556EB7A83B7107A6E9DCD9 /* [CP] Check Pods Manifest.lock */ = {
			isa = PBXShellScriptBuildPhase;
			buildActionMask = 2147483647;
			files = (
			);
			inputPaths = (
				"${PODS_PODFILE_DIR_PATH}/Podfile.lock",
				"${PODS_ROOT}/Manifest.lock",
			);
			name = "[CP] Check Pods Manifest.lock";
			outputPaths = (
				"$(DERIVED_FILE_DIR)/Pods-GMUPreloadUITests-checkManifestLockResult.txt",
			);
			runOnlyForDeploymentPostprocessing = 0;
			shellPath = /bin/sh;
			shellScript = "diff \"${PODS_PODFILE_DIR_PATH}/Podfile.lock\" \"${PODS_ROOT}/Manifest.lock\" > /dev/null\nif [ $? != 0 ] ; then\n    # print error to STDERR\n    echo \"error: The sandbox is not in sync with the Podfile.lock. Run 'pod install' or update your CocoaPods installation.\" >&2\n    exit 1\nfi\n# This output is used by Xcode 'outputs' to avoid re-running this script phase.\necho \"SUCCESS\" > \"${SCRIPT_OUTPUT_FILE_0}\"\n";
			showEnvVarsInLog = 0;
		};
/* End PBXShellScriptBuildPhase section */

/* Begin PBXSourcesBuildPhase section */
		D05C19D821CA229800C1E573 /* Sources */ = {
			isa = PBXSourcesBuildPhase;
			buildActionMask = 2147483647;
			files = (
				D05C1A2B21CA3B1C00C1E573 /* GUMBaseTableView.m in Sources */,
				D05C1A2E21CA3D4C00C1E573 /* GUMPreloadTableViewCell.m in Sources */,
				D05C19E421CA229800C1E573 /* ViewController.m in Sources */,
				D05C19EF21CA229B00C1E573 /* main.m in Sources */,
				D05C19E121CA229800C1E573 /* AppDelegate.m in Sources */,
				D05C1A1321CA23C500C1E573 /* UIScrollView+GMUPreload.m in Sources */,
				D05C1A3121CA480F00C1E573 /* GUMModel.m in Sources */,
			);
			runOnlyForDeploymentPostprocessing = 0;
		};
		D05C19F021CA229B00C1E573 /* Sources */ = {
			isa = PBXSourcesBuildPhase;
			buildActionMask = 2147483647;
			files = (
				D05C19F921CA229B00C1E573 /* GMUPreloadTests.m in Sources */,
			);
			runOnlyForDeploymentPostprocessing = 0;
		};
		D05C19FB21CA229B00C1E573 /* Sources */ = {
			isa = PBXSourcesBuildPhase;
			buildActionMask = 2147483647;
			files = (
				D05C1A0421CA229B00C1E573 /* GMUPreloadUITests.m in Sources */,
			);
			runOnlyForDeploymentPostprocessing = 0;
		};
/* End PBXSourcesBuildPhase section */

/* Begin PBXTargetDependency section */
		D05C19F621CA229B00C1E573 /* PBXTargetDependency */ = {
			isa = PBXTargetDependency;
			target = D05C19DB21CA229800C1E573 /* GMUPreload */;
			targetProxy = D05C19F521CA229B00C1E573 /* PBXContainerItemProxy */;
		};
		D05C1A0121CA229B00C1E573 /* PBXTargetDependency */ = {
			isa = PBXTargetDependency;
			target = D05C19DB21CA229800C1E573 /* GMUPreload */;
			targetProxy = D05C1A0021CA229B00C1E573 /* PBXContainerItemProxy */;
		};
/* End PBXTargetDependency section */

/* Begin PBXVariantGroup section */
		D05C19E521CA229800C1E573 /* Main.storyboard */ = {
			isa = PBXVariantGroup;
			children = (
				D05C19E621CA229800C1E573 /* Base */,
			);
			name = Main.storyboard;
			sourceTree = "<group>";
		};
		D05C19EA21CA229B00C1E573 /* LaunchScreen.storyboard */ = {
			isa = PBXVariantGroup;
			children = (
				D05C19EB21CA229B00C1E573 /* Base */,
			);
			name = LaunchScreen.storyboard;
			sourceTree = "<group>";
		};
/* End PBXVariantGroup section */

/* Begin XCBuildConfiguration section */
		D05C1A0621CA229B00C1E573 /* Debug */ = {
			isa = XCBuildConfiguration;
			buildSettings = {
				ALWAYS_SEARCH_USER_PATHS = NO;
				CLANG_ANALYZER_NONNULL = YES;
				CLANG_ANALYZER_NUMBER_OBJECT_CONVERSION = YES_AGGRESSIVE;
				CLANG_CXX_LANGUAGE_STANDARD = "gnu++14";
				CLANG_CXX_LIBRARY = "libc++";
				CLANG_ENABLE_MODULES = YES;
				CLANG_ENABLE_OBJC_ARC = YES;
				CLANG_ENABLE_OBJC_WEAK = YES;
				CLANG_WARN_BLOCK_CAPTURE_AUTORELEASING = YES;
				CLANG_WARN_BOOL_CONVERSION = YES;
				CLANG_WARN_COMMA = YES;
				CLANG_WARN_CONSTANT_CONVERSION = YES;
				CLANG_WARN_DEPRECATED_OBJC_IMPLEMENTATIONS = YES;
				CLANG_WARN_DIRECT_OBJC_ISA_USAGE = YES_ERROR;
				CLANG_WARN_DOCUMENTATION_COMMENTS = YES;
				CLANG_WARN_EMPTY_BODY = YES;
				CLANG_WARN_ENUM_CONVERSION = YES;
				CLANG_WARN_INFINITE_RECURSION = YES;
				CLANG_WARN_INT_CONVERSION = YES;
				CLANG_WARN_NON_LITERAL_NULL_CONVERSION = YES;
				CLANG_WARN_OBJC_IMPLICIT_RETAIN_SELF = YES;
				CLANG_WARN_OBJC_LITERAL_CONVERSION = YES;
				CLANG_WARN_OBJC_ROOT_CLASS = YES_ERROR;
				CLANG_WARN_RANGE_LOOP_ANALYSIS = YES;
				CLANG_WARN_STRICT_PROTOTYPES = YES;
				CLANG_WARN_SUSPICIOUS_MOVE = YES;
				CLANG_WARN_UNGUARDED_AVAILABILITY = YES_AGGRESSIVE;
				CLANG_WARN_UNREACHABLE_CODE = YES;
				CLANG_WARN__DUPLICATE_METHOD_MATCH = YES;
				CODE_SIGN_IDENTITY = "iPhone Developer";
				COPY_PHASE_STRIP = NO;
				DEBUG_INFORMATION_FORMAT = dwarf;
				ENABLE_STRICT_OBJC_MSGSEND = YES;
				ENABLE_TESTABILITY = YES;
				GCC_C_LANGUAGE_STANDARD = gnu11;
				GCC_DYNAMIC_NO_PIC = NO;
				GCC_NO_COMMON_BLOCKS = YES;
				GCC_OPTIMIZATION_LEVEL = 0;
				GCC_PREPROCESSOR_DEFINITIONS = (
					"DEBUG=1",
					"$(inherited)",
				);
				GCC_WARN_64_TO_32_BIT_CONVERSION = YES;
				GCC_WARN_ABOUT_RETURN_TYPE = YES_ERROR;
				GCC_WARN_UNDECLARED_SELECTOR = YES;
				GCC_WARN_UNINITIALIZED_AUTOS = YES_AGGRESSIVE;
				GCC_WARN_UNUSED_FUNCTION = YES;
				GCC_WARN_UNUSED_VARIABLE = YES;
				IPHONEOS_DEPLOYMENT_TARGET = 12.0;
				MTL_ENABLE_DEBUG_INFO = INCLUDE_SOURCE;
				MTL_FAST_MATH = YES;
				ONLY_ACTIVE_ARCH = YES;
				SDKROOT = iphoneos;
			};
			name = Debug;
		};
		D05C1A0721CA229B00C1E573 /* Release */ = {
			isa = XCBuildConfiguration;
			buildSettings = {
				ALWAYS_SEARCH_USER_PATHS = NO;
				CLANG_ANALYZER_NONNULL = YES;
				CLANG_ANALYZER_NUMBER_OBJECT_CONVERSION = YES_AGGRESSIVE;
				CLANG_CXX_LANGUAGE_STANDARD = "gnu++14";
				CLANG_CXX_LIBRARY = "libc++";
				CLANG_ENABLE_MODULES = YES;
				CLANG_ENABLE_OBJC_ARC = YES;
				CLANG_ENABLE_OBJC_WEAK = YES;
				CLANG_WARN_BLOCK_CAPTURE_AUTORELEASING = YES;
				CLANG_WARN_BOOL_CONVERSION = YES;
				CLANG_WARN_COMMA = YES;
				CLANG_WARN_CONSTANT_CONVERSION = YES;
				CLANG_WARN_DEPRECATED_OBJC_IMPLEMENTATIONS = YES;
				CLANG_WARN_DIRECT_OBJC_ISA_USAGE = YES_ERROR;
				CLANG_WARN_DOCUMENTATION_COMMENTS = YES;
				CLANG_WARN_EMPTY_BODY = YES;
				CLANG_WARN_ENUM_CONVERSION = YES;
				CLANG_WARN_INFINITE_RECURSION = YES;
				CLANG_WARN_INT_CONVERSION = YES;
				CLANG_WARN_NON_LITERAL_NULL_CONVERSION = YES;
				CLANG_WARN_OBJC_IMPLICIT_RETAIN_SELF = YES;
				CLANG_WARN_OBJC_LITERAL_CONVERSION = YES;
				CLANG_WARN_OBJC_ROOT_CLASS = YES_ERROR;
				CLANG_WARN_RANGE_LOOP_ANALYSIS = YES;
				CLANG_WARN_STRICT_PROTOTYPES = YES;
				CLANG_WARN_SUSPICIOUS_MOVE = YES;
				CLANG_WARN_UNGUARDED_AVAILABILITY = YES_AGGRESSIVE;
				CLANG_WARN_UNREACHABLE_CODE = YES;
				CLANG_WARN__DUPLICATE_METHOD_MATCH = YES;
				CODE_SIGN_IDENTITY = "iPhone Developer";
				COPY_PHASE_STRIP = NO;
				DEBUG_INFORMATION_FORMAT = "dwarf-with-dsym";
				ENABLE_NS_ASSERTIONS = NO;
				ENABLE_STRICT_OBJC_MSGSEND = YES;
				GCC_C_LANGUAGE_STANDARD = gnu11;
				GCC_NO_COMMON_BLOCKS = YES;
				GCC_WARN_64_TO_32_BIT_CONVERSION = YES;
				GCC_WARN_ABOUT_RETURN_TYPE = YES_ERROR;
				GCC_WARN_UNDECLARED_SELECTOR = YES;
				GCC_WARN_UNINITIALIZED_AUTOS = YES_AGGRESSIVE;
				GCC_WARN_UNUSED_FUNCTION = YES;
				GCC_WARN_UNUSED_VARIABLE = YES;
				IPHONEOS_DEPLOYMENT_TARGET = 12.0;
				MTL_ENABLE_DEBUG_INFO = NO;
				MTL_FAST_MATH = YES;
				SDKROOT = iphoneos;
				VALIDATE_PRODUCT = YES;
			};
			name = Release;
		};
		D05C1A0921CA229B00C1E573 /* Debug */ = {
			isa = XCBuildConfiguration;
			baseConfigurationReference = 8C719D5632D2A35105326D77 /* Pods-GMUPreload.debug.xcconfig */;
			buildSettings = {
				ASSETCATALOG_COMPILER_APPICON_NAME = AppIcon;
				CODE_SIGN_STYLE = Automatic;
				INFOPLIST_FILE = GMUPreload/Info.plist;
				LD_RUNPATH_SEARCH_PATHS = (
					"$(inherited)",
					"@executable_path/Frameworks",
				);
				PRODUCT_BUNDLE_IDENTIFIER = FaceBook.GMUPreload;
				PRODUCT_NAME = "$(TARGET_NAME)";
				TARGETED_DEVICE_FAMILY = "1,2";
			};
			name = Debug;
		};
		D05C1A0A21CA229B00C1E573 /* Release */ = {
			isa = XCBuildConfiguration;
			baseConfigurationReference = 57D46E6B69979323366F3267 /* Pods-GMUPreload.release.xcconfig */;
			buildSettings = {
				ASSETCATALOG_COMPILER_APPICON_NAME = AppIcon;
				CODE_SIGN_STYLE = Automatic;
				INFOPLIST_FILE = GMUPreload/Info.plist;
				LD_RUNPATH_SEARCH_PATHS = (
					"$(inherited)",
					"@executable_path/Frameworks",
				);
				PRODUCT_BUNDLE_IDENTIFIER = FaceBook.GMUPreload;
				PRODUCT_NAME = "$(TARGET_NAME)";
				TARGETED_DEVICE_FAMILY = "1,2";
			};
			name = Release;
		};
		D05C1A0C21CA229B00C1E573 /* Debug */ = {
			isa = XCBuildConfiguration;
			baseConfigurationReference = 4CBBB17FC5D95EFA940EB422 /* Pods-GMUPreloadTests.debug.xcconfig */;
			buildSettings = {
				BUNDLE_LOADER = "$(TEST_HOST)";
				CODE_SIGN_STYLE = Automatic;
				INFOPLIST_FILE = GMUPreloadTests/Info.plist;
				LD_RUNPATH_SEARCH_PATHS = (
					"$(inherited)",
					"@executable_path/Frameworks",
					"@loader_path/Frameworks",
				);
				PRODUCT_BUNDLE_IDENTIFIER = FaceBook.GMUPreloadTests;
				PRODUCT_NAME = "$(TARGET_NAME)";
				TARGETED_DEVICE_FAMILY = "1,2";
				TEST_HOST = "$(BUILT_PRODUCTS_DIR)/GMUPreload.app/GMUPreload";
			};
			name = Debug;
		};
		D05C1A0D21CA229B00C1E573 /* Release */ = {
			isa = XCBuildConfiguration;
			baseConfigurationReference = E2277B1B9113D4CEC488EEB2 /* Pods-GMUPreloadTests.release.xcconfig */;
			buildSettings = {
				BUNDLE_LOADER = "$(TEST_HOST)";
				CODE_SIGN_STYLE = Automatic;
				INFOPLIST_FILE = GMUPreloadTests/Info.plist;
				LD_RUNPATH_SEARCH_PATHS = (
					"$(inherited)",
					"@executable_path/Frameworks",
					"@loader_path/Frameworks",
				);
				PRODUCT_BUNDLE_IDENTIFIER = FaceBook.GMUPreloadTests;
				PRODUCT_NAME = "$(TARGET_NAME)";
				TARGETED_DEVICE_FAMILY = "1,2";
				TEST_HOST = "$(BUILT_PRODUCTS_DIR)/GMUPreload.app/GMUPreload";
			};
			name = Release;
		};
		D05C1A0F21CA229B00C1E573 /* Debug */ = {
			isa = XCBuildConfiguration;
			baseConfigurationReference = D0BDAA666F3CB91BFE50CCAC /* Pods-GMUPreloadUITests.debug.xcconfig */;
			buildSettings = {
				CODE_SIGN_STYLE = Automatic;
				INFOPLIST_FILE = GMUPreloadUITests/Info.plist;
				LD_RUNPATH_SEARCH_PATHS = (
					"$(inherited)",
					"@executable_path/Frameworks",
					"@loader_path/Frameworks",
				);
				PRODUCT_BUNDLE_IDENTIFIER = FaceBook.GMUPreloadUITests;
				PRODUCT_NAME = "$(TARGET_NAME)";
				TARGETED_DEVICE_FAMILY = "1,2";
				TEST_TARGET_NAME = GMUPreload;
			};
			name = Debug;
		};
		D05C1A1021CA229B00C1E573 /* Release */ = {
			isa = XCBuildConfiguration;
			baseConfigurationReference = 472AC1F702DF26C6D2949003 /* Pods-GMUPreloadUITests.release.xcconfig */;
			buildSettings = {
				CODE_SIGN_STYLE = Automatic;
				INFOPLIST_FILE = GMUPreloadUITests/Info.plist;
				LD_RUNPATH_SEARCH_PATHS = (
					"$(inherited)",
					"@executable_path/Frameworks",
					"@loader_path/Frameworks",
				);
				PRODUCT_BUNDLE_IDENTIFIER = FaceBook.GMUPreloadUITests;
				PRODUCT_NAME = "$(TARGET_NAME)";
				TARGETED_DEVICE_FAMILY = "1,2";
				TEST_TARGET_NAME = GMUPreload;
			};
			name = Release;
		};
/* End XCBuildConfiguration section */

/* Begin XCConfigurationList section */
		D05C19D721CA229800C1E573 /* Build configuration list for PBXProject "GMUPreload" */ = {
			isa = XCConfigurationList;
			buildConfigurations = (
				D05C1A0621CA229B00C1E573 /* Debug */,
				D05C1A0721CA229B00C1E573 /* Release */,
			);
			defaultConfigurationIsVisible = 0;
			defaultConfigurationName = Release;
		};
		D05C1A0821CA229B00C1E573 /* Build configuration list for PBXNativeTarget "GMUPreload" */ = {
			isa = XCConfigurationList;
			buildConfigurations = (
				D05C1A0921CA229B00C1E573 /* Debug */,
				D05C1A0A21CA229B00C1E573 /* Release */,
			);
			defaultConfigurationIsVisible = 0;
			defaultConfigurationName = Release;
		};
		D05C1A0B21CA229B00C1E573 /* Build configuration list for PBXNativeTarget "GMUPreloadTests" */ = {
			isa = XCConfigurationList;
			buildConfigurations = (
				D05C1A0C21CA229B00C1E573 /* Debug */,
				D05C1A0D21CA229B00C1E573 /* Release */,
			);
			defaultConfigurationIsVisible = 0;
			defaultConfigurationName = Release;
		};
		D05C1A0E21CA229B00C1E573 /* Build configuration list for PBXNativeTarget "GMUPreloadUITests" */ = {
			isa = XCConfigurationList;
			buildConfigurations = (
				D05C1A0F21CA229B00C1E573 /* Debug */,
				D05C1A1021CA229B00C1E573 /* Release */,
			);
			defaultConfigurationIsVisible = 0;
			defaultConfigurationName = Release;
		};
/* End XCConfigurationList section */
	};
	rootObject = D05C19D421CA229800C1E573 /* Project object */;
}
